github.com/UedaTakeyuki/compare v0.0.0-20220216101204-f64525c76fcc h1:erMbJVRYmSvA26I4I0pqBNQhB8YjZ33iZM/agfmEWzc=
github.com/UedaTakeyuki/compare v0.0.0-20220216101204-f64525c76fcc/go.mod h1:H09V+qagqRJdlYFnbAOkRiALo150CN1OY+chpl0UL5A=
github.com/UedaTakeyuki/erapse v0.0.0-20200706050655-b8339f517254 h1:siqtmZ0Im6MSIX9runK2D+4HoGL5IIz6o0dU5icXR60=
github.com/UedaTakeyuki/erapse v0.0.0-20200706050655-b8339f517254/go.mod h1:uxd0+8YdMNo5qWcmIb7v4+0IaNMqzIKvdElciMOQPbw=
